lockVersion: 2.0.0
id: b2c79f9a-bf4b-4460-b579-f3922f35697d
management:
  docChecksum: 9cc79a0531a4d1aef3843f274f15fdb9
  docVersion: 1.37.3
  speakeasyVersion: 1.227.0
  generationVersion: 2.291.0
  releaseVersion: 0.3.3
  configChecksum: d3af2799aa7f09fb33c9f6efbc2af749
  repoURL: https://github.com/speakeasy-sdks/test-collab.git
  repoSubDirectory: .
  installationURL: https://github.com/speakeasy-sdks/test-collab
  published: true
features:
  go:
    constsAndDefaults: 0.1.4
    core: 3.4.5
    globalSecurity: 2.82.9
    globalServerURLs: 2.82.2
    responseFormat: 0.1.0
generatedFiles:
  - auth.go
  - device.go
  - push.go
  - proveapi.go
  - go.mod
  - models/sdkerrors/sdkerror.go
  - types/bigint.go
  - types/date.go
  - types/datetime.go
  - types/decimal.go
  - types/pointers.go
  - internal/utils/contenttype.go
  - internal/utils/form.go
  - internal/utils/headers.go
  - internal/utils/json.go
  - internal/utils/pathparams.go
  - internal/utils/queryparams.go
  - internal/utils/requestbody.go
  - internal/utils/retries.go
  - internal/utils/security.go
  - internal/utils/utils.go
  - /models/operations/authcontinuerequest.go
  - /models/operations/authexchangerequest.go
  - /models/operations/authfinishrequest.go
  - /models/operations/authstartrequest.go
  - /models/operations/deviceunregisterrequest.go
  - /models/operations/pushtokendeleterequest.go
  - /models/operations/userinforequest.go
  - /models/operations/usermobileactiverequest.go
  - /models/operations/userremoverequest.go
  - /models/operations/userunbindrequest.go
  - /models/components/authcontinueresponse.go
  - /models/components/authcontinueresponsesubjectsresults.go
  - /models/components/authcontinueresponsesubjectmobileresult.go
  - /models/components/authcontinueresponseerror.go
  - /models/components/authcontinueresponsesubjectcardresult.go
  - /models/components/authcontinuerequest.go
  - /models/components/authcontinuerequestsubjects.go
  - /models/components/authcontinuerequestsubjectmobile.go
  - /models/components/authcontinuerequestsubjectmobileclaim.go
  - /models/components/authexchangeresponse.go
  - /models/components/authexchangerequest.go
  - /models/components/authfinishresponse.go
  - /models/components/authfinishresponsesubjects.go
  - /models/components/authfinishresponsesubjectmobileresult.go
  - /models/components/authfinishresponsesubjectmobileresultsuccess.go
  - /models/components/authfinishresponsesubjectmobileresultsuccessextras.go
  - /models/components/authfinishresponsesubjectmobileresultsuccessclaim.go
  - /models/components/authfinishresponseerror.go
  - /models/components/authfinishresponsesubjectdeviceresult.go
  - /models/components/authfinishresponsesubjectdeviceresultsuccess.go
  - /models/components/authfinishresponsesubjectdeviceresultsuccessextras.go
  - /models/components/subjectdeviceresultsuccessextrastrust.go
  - /models/components/authfinishresponsesubjectdeviceresultsuccessclaim.go
  - /models/components/subjectcardresult.go
  - /models/components/subjectcardresultsuccess.go
  - /models/components/subjectcardresultsuccessclaim.go
  - /models/components/authfinishresponsecarderror.go
  - /models/components/authfinishresponsedelivery.go
  - /models/components/authfinishresponsescandelivery.go
  - /models/components/authfinishresponsescandeliveryextras.go
  - /models/components/authfinishresponsepushdelivery.go
  - /models/components/authfinishresponsepushdeliveryextras.go
  - /models/components/authfinishrequest.go
  - /models/components/authstartresponse.go
  - /models/components/pushtoken.go
  - /models/components/authstartrequest.go
  - /models/components/authstartrequestsubjects.go
  - /models/components/authstartrequestsubjectuser.go
  - /models/components/authstartrequestsubjectuserclaim.go
  - /models/components/authstartrequestsubjectuserauthenticators.go
  - /models/components/subjectuserauthenticatorpresent.go
  - /models/components/authstartrequestsubjectuserauthenticatorpassive.go
  - /models/components/authstartrequestsubjectmobile.go
  - /models/components/authstartrequestsubjectmobileclaim.go
  - /models/components/authstartrequestsubjectmobileauthenticators.go
  - /models/components/authstartrequestsubjectmobileauthenticatorpassive.go
  - /models/components/authstartrequestsubjectmobileauthenticatorotp.go
  - /models/components/authstartrequestsubjectmobileauthenticatorinstant.go
  - /models/components/authstartrequestinstantauthconsent.go
  - /models/components/authstartrequestsubjectdevice.go
  - /models/components/authstartrequestsubjectdeviceauthenticators.go
  - /models/components/authstartrequestsubjectdeviceauthenticatorpassive.go
  - /models/components/authstartrequestdelivery.go
  - /models/components/authstartrequestdeliverypush.go
  - /models/components/authstartrequestdeliverypushnotification.go
  - /models/components/deviceunregisterresponse.go
  - /models/components/deviceunregisterrequest.go
  - /models/components/pushtokendeleteresponse.go
  - /models/components/pushtokendeleterequest.go
  - /models/components/userinforesponse.go
  - /models/components/userinfodeviceresponse.go
  - /models/components/userinforequest.go
  - /models/components/usermobileactiveresponse.go
  - /models/components/usermobileactiverequest.go
  - /models/components/userremoveresponse.go
  - /models/components/userremoverequest.go
  - /models/components/userunbindresponse.go
  - /models/components/userunbindrequest.go
  - /models/components/security.go
  - /models/sdkerrors/error.go
  - docs/models/operations/authcontinuerequestresponse.md
  - docs/models/operations/authexchangerequestresponse.md
  - docs/models/operations/authfinishrequestresponse.md
  - docs/models/operations/authstartrequestresponse.md
  - docs/models/operations/deviceunregisterrequestresponse.md
  - docs/models/operations/pushtokendeleterequestresponse.md
  - docs/models/operations/userinforequestresponse.md
  - docs/models/operations/usermobileactiverequestresponse.md
  - docs/models/operations/userremoverequestresponse.md
  - docs/models/operations/userunbindrequestresponse.md
  - docs/models/components/authcontinueresponse.md
  - docs/models/components/authcontinueresponsesubjectsresults.md
  - docs/models/components/authcontinueresponsesubjectmobileresult.md
  - docs/models/components/authcontinueresponseerror.md
  - docs/models/components/authcontinueresponsesubjectcardresult.md
  - docs/models/components/authcontinuerequest.md
  - docs/models/components/authcontinuerequestsubjects.md
  - docs/models/components/authcontinuerequestsubjectmobile.md
  - docs/models/components/authcontinuerequestsubjectmobileclaim.md
  - docs/models/components/authexchangeresponse.md
  - docs/models/components/authexchangerequest.md
  - docs/models/components/authfinishresponse.md
  - docs/models/components/authfinishresponsesubjects.md
  - docs/models/components/authfinishresponsesubjectmobileresult.md
  - docs/models/components/authfinishresponsesubjectmobileresultsuccess.md
  - docs/models/components/authfinishresponsesubjectmobileresultsuccessextras.md
  - docs/models/components/authfinishresponsesubjectmobileresultsuccessclaim.md
  - docs/models/components/authfinishresponseerror.md
  - docs/models/components/authfinishresponsesubjectdeviceresult.md
  - docs/models/components/authfinishresponsesubjectdeviceresultsuccess.md
  - docs/models/components/authfinishresponsesubjectdeviceresultsuccessextras.md
  - docs/models/components/subjectdeviceresultsuccessextrastrust.md
  - docs/models/components/authfinishresponsesubjectdeviceresultsuccessclaim.md
  - docs/models/components/subjectcardresult.md
  - docs/models/components/subjectcardresultsuccess.md
  - docs/models/components/subjectcardresultsuccessclaim.md
  - docs/models/components/authfinishresponsecarderror.md
  - docs/models/components/authfinishresponsedelivery.md
  - docs/models/components/authfinishresponsescandelivery.md
  - docs/models/components/authfinishresponsescandeliveryextras.md
  - docs/models/components/authfinishresponsepushdelivery.md
  - docs/models/components/authfinishresponsepushdeliveryextras.md
  - docs/models/components/authfinishrequest.md
  - docs/models/components/authstartresponse.md
  - docs/models/components/pushtoken.md
  - docs/models/components/authstartrequest.md
  - docs/models/components/authstartrequestsubjects.md
  - docs/models/components/authstartrequestsubjectuser.md
  - docs/models/components/authstartrequestsubjectuserclaim.md
  - docs/models/components/authstartrequestsubjectuserauthenticators.md
  - docs/models/components/subjectuserauthenticatorpresent.md
  - docs/models/components/authstartrequestsubjectuserauthenticatorpassive.md
  - docs/models/components/authstartrequestsubjectmobile.md
  - docs/models/components/authstartrequestsubjectmobileclaim.md
  - docs/models/components/authstartrequestsubjectmobileauthenticators.md
  - docs/models/components/authstartrequestsubjectmobileauthenticatorpassive.md
  - docs/models/components/authstartrequestsubjectmobileauthenticatorotp.md
  - docs/models/components/authstartrequestsubjectmobileauthenticatorinstant.md
  - docs/models/components/authstartrequestinstantauthconsent.md
  - docs/models/components/authstartrequestsubjectdevice.md
  - docs/models/components/authstartrequestsubjectdeviceauthenticators.md
  - docs/models/components/authstartrequestsubjectdeviceauthenticatorpassive.md
  - docs/models/components/authstartrequestdelivery.md
  - docs/models/components/authstartrequestdeliverypush.md
  - docs/models/components/authstartrequestdeliverypushnotification.md
  - docs/models/components/deviceunregisterresponse.md
  - docs/models/components/deviceunregisterrequest.md
  - docs/models/components/pushtokendeleteresponse.md
  - docs/models/components/pushtokendeleterequest.md
  - docs/models/components/userinforesponse.md
  - docs/models/components/userinfodeviceresponse.md
  - docs/models/components/userinforequest.md
  - docs/models/components/usermobileactiveresponse.md
  - docs/models/components/usermobileactiverequest.md
  - docs/models/components/userremoveresponse.md
  - docs/models/components/userremoverequest.md
  - docs/models/components/userunbindresponse.md
  - docs/models/components/userunbindrequest.md
  - docs/models/components/security.md
  - docs/models/sdkerrors/error.md
  - docs/sdks/proveapi/README.md
  - docs/sdks/auth/README.md
  - docs/sdks/device/README.md
  - docs/sdks/push/README.md
  - USAGE.md
  - .gitattributes
  - internal/hooks/hooks.go
